<?xml version="1.0" encoding="utf-8"?>
<Project ToolsVersion="4.0" xmlns="http://schemas.microsoft.com/developer/msbuild/2003">
  <ItemGroup>
    <Filter Include="Source Files">
      <UniqueIdentifier>{4FC737F1-C7A5-4376-A066-2A32D752A2FF}</UniqueIdentifier>
      <Extensions>cpp;c;cc;cxx;def;odl;idl;hpj;bat;asm;asmx</Extensions>
    </Filter>
    <Filter Include="Header Files">
      <UniqueIdentifier>{93995380-89BD-4b04-88EB-625FBE52EBFB}</UniqueIdentifier>
      <Extensions>h;hpp;hxx;hm;inl;inc;xsd</Extensions>
    </Filter>
    <Filter Include="Resource Files">
      <UniqueIdentifier>{67DA6AB6-F800-4c08-8B7A-83BB121AAD01}</UniqueIdentifier>
      <Extensions>rc;ico;cur;bmp;dlg;rc2;rct;bin;rgs;gif;jpg;jpeg;jpe;resx;tiff;tif;png;wav;mfcribbon-ms</Extensions>
    </Filter>
    <Filter Include="Txt">
      <UniqueIdentifier>{2686451c-7fdc-413b-8470-3c43255ced0c}</UniqueIdentifier>
    </Filter>
    <Filter Include="Asm">
      <UniqueIdentifier>{8ea6bb68-2fca-4d59-a493-606d50af5706}</UniqueIdentifier>
    </Filter>
    <Filter Include="Docs">
      <UniqueIdentifier>{1b085d35-012b-41cb-bde9-21dbdb12704c}</UniqueIdentifier>
    </Filter>
  </ItemGroup>
  <ItemGroup>
    <ClInclude Include="src\_amiga.h">
      <Filter>Header Files</Filter>
    </ClInclude>
    <ClInclude Include="src\_dos.h">
      <Filter>Header Files</Filter>
    </ClInclude>
    <ClInclude Include="src\_riscos.h">
      <Filter>Header Files</Filter>
    </ClInclude>
    <ClInclude Include="src\_std.h">
      <Filter>Header Files</Filter>
    </ClInclude>
    <ClInclude Include="src\_win32.h">
      <Filter>Header Files</Filter>
    </ClInclude>
    <ClInclude Include="src\acme.h">
      <Filter>Header Files</Filter>
    </ClInclude>
    <ClInclude Include="src\alu.h">
      <Filter>Header Files</Filter>
    </ClInclude>
    <ClInclude Include="src\basics.h">
      <Filter>Header Files</Filter>
    </ClInclude>
    <ClInclude Include="src\cliargs.h">
      <Filter>Header Files</Filter>
    </ClInclude>
    <ClInclude Include="src\config.h">
      <Filter>Header Files</Filter>
    </ClInclude>
    <ClInclude Include="src\cpu.h">
      <Filter>Header Files</Filter>
    </ClInclude>
    <ClInclude Include="src\dynabuf.h">
      <Filter>Header Files</Filter>
    </ClInclude>
    <ClInclude Include="src\encoding.h">
      <Filter>Header Files</Filter>
    </ClInclude>
    <ClInclude Include="src\flow.h">
      <Filter>Header Files</Filter>
    </ClInclude>
    <ClInclude Include="src\global.h">
      <Filter>Header Files</Filter>
    </ClInclude>
    <ClInclude Include="src\input.h">
      <Filter>Header Files</Filter>
    </ClInclude>
    <ClInclude Include="src\label.h">
      <Filter>Header Files</Filter>
    </ClInclude>
    <ClInclude Include="src\macro.h">
      <Filter>Header Files</Filter>
    </ClInclude>
    <ClInclude Include="src\mnemo.h">
      <Filter>Header Files</Filter>
    </ClInclude>
    <ClInclude Include="src\output.h">
      <Filter>Header Files</Filter>
    </ClInclude>
    <ClInclude Include="src\platform.h">
      <Filter>Header Files</Filter>
    </ClInclude>
    <ClInclude Include="src\section.h">
      <Filter>Header Files</Filter>
    </ClInclude>
    <ClInclude Include="src\tree.h">
      <Filter>Header Files</Filter>
    </ClInclude>
  </ItemGroup>
  <ItemGroup>
    <ClCompile Include="src\acme.c">
      <Filter>Source Files</Filter>
    </ClCompile>
    <ClCompile Include="src\alu.c">
      <Filter>Source Files</Filter>
    </ClCompile>
    <ClCompile Include="src\basics.c">
      <Filter>Source Files</Filter>
    </ClCompile>
    <ClCompile Include="src\cliargs.c">
      <Filter>Source Files</Filter>
    </ClCompile>
    <ClCompile Include="src\cpu.c">
      <Filter>Source Files</Filter>
    </ClCompile>
    <ClCompile Include="src\dynabuf.c">
      <Filter>Source Files</Filter>
    </ClCompile>
    <ClCompile Include="src\encoding.c">
      <Filter>Source Files</Filter>
    </ClCompile>
    <ClCompile Include="src\flow.c">
      <Filter>Source Files</Filter>
    </ClCompile>
    <ClCompile Include="src\global.c">
      <Filter>Source Files</Filter>
    </ClCompile>
    <ClCompile Include="src\input.c">
      <Filter>Source Files</Filter>
    </ClCompile>
    <ClCompile Include="src\label.c">
      <Filter>Source Files</Filter>
    </ClCompile>
    <ClCompile Include="src\macro.c">
      <Filter>Source Files</Filter>
    </ClCompile>
    <ClCompile Include="src\mnemo.c">
      <Filter>Source Files</Filter>
    </ClCompile>
    <ClCompile Include="src\output.c">
      <Filter>Source Files</Filter>
    </ClCompile>
    <ClCompile Include="src\PDB.cpp">
      <Filter>Source Files</Filter>
    </ClCompile>
    <ClCompile Include="src\platform.c">
      <Filter>Source Files</Filter>
    </ClCompile>
    <ClCompile Include="src\section.c">
      <Filter>Source Files</Filter>
    </ClCompile>
    <ClCompile Include="src\tree.c">
      <Filter>Source Files</Filter>
    </ClCompile>
  </ItemGroup>
  <ItemGroup>
    <None Include="src\Makefile" />
    <None Include="src\Makefile.dos" />
    <None Include="src\Makefile.riscos" />
    <None Include="README.md">
      <Filter>Txt</Filter>
    </None>
    <None Include="CleanProject.bat" />
    <None Include="CleanProjectFully.bat" />
    <None Include="CleanProjectFullyWithAttrib.bat" />
    <None Include="DoBackup.bat" />
    <None Include="Test.a">
      <Filter>Asm</Filter>
    </None>
    <None Include="TestACME.a">
      <Filter>Asm</Filter>
    </None>
    <None Include="ACME_Lib\6502\std.a">
      <Filter>Asm</Filter>
    </None>
    <None Include=".gitignore">
      <Filter>Txt</Filter>
    </None>
    <None Include="docs\COPYING">
      <Filter>Docs</Filter>
    </None>
  </ItemGroup>
  <ItemGroup>
    <Text Include="Done.txt">
      <Filter>Txt</Filter>
    </Text>
    <Text Include="ReadMe.txt">
      <Filter>Txt</Filter>
    </Text>
    <Text Include="ACME_Lib\6502\Help.txt">
      <Filter>Asm</Filter>
    </Text>
    <Text Include="TODO.txt">
      <Filter>Txt</Filter>
    </Text>
    <Text Include="docs\65816.txt">
      <Filter>Docs</Filter>
    </Text>
    <Text Include="docs\AddrModes.txt">
      <Filter>Docs</Filter>
    </Text>
    <Text Include="docs\AllPOs.txt">
      <Filter>Docs</Filter>
    </Text>
    <Text Include="docs\Changes.txt">
      <Filter>Docs</Filter>
    </Text>
    <Text Include="docs\Errors.txt">
      <Filter>Docs</Filter>
    </Text>
    <Text Include="docs\Example.txt">
      <Filter>Docs</Filter>
    </Text>
    <Text Include="docs\Help.txt">
      <Filter>Docs</Filter>
    </Text>
    <Text Include="docs\Illegals.txt">
      <Filter>Docs</Filter>
    </Text>
    <Text Include="docs\Lib.txt">
      <Filter>Docs</Filter>
    </Text>
    <Text Include="docs\QuickRef.txt">
      <Filter>Docs</Filter>
    </Text>
    <Text Include="docs\Source.txt">
      <Filter>Docs</Filter>
    </Text>
    <Text Include="docs\Upgrade.txt">
      <Filter>Docs</Filter>
    </Text>
  </ItemGroup>
</Project>